Microsoft Visual Studio Solution File, Format Version 12.00
# Visual Studio Version 17
VisualStudioVersion = 17.5.2.0
MinimumVisualStudioVersion = 10.0.40219.1
Project("{FAE04EC0-301F-11D3-BF4B-00C04F79EFBC}") = "AirLiticApp", "AirLiticApp.csproj", "{4EA01ED0-3791-5981-058E-4095371B3195}"
EndProject
Global
	GlobalSection(SolutionConfigurationPlatforms) = preSolution
		Debug|Any CPU = Debug|Any CPU
		Release|Any CPU = Release|Any CPU
	EndGlobalSection
	GlobalSection(ProjectConfigurationPlatforms) = postSolution
		{4EA01ED0-3791-5981-058E-4095371B3195}.Debug|Any CPU.ActiveCfg = Debug|Any CPU
		{4EA01ED0-3791-5981-058E-4095371B3195}.Debug|Any CPU.Build.0 = Debug|Any CPU
		{4EA01ED0-3791-5981-058E-4095371B3195}.Release|Any CPU.ActiveCfg = Release|Any CPU
		{4EA01ED0-3791-5981-058E-4095371B3195}.Release|Any CPU.Build.0 = Release|Any CPU
	EndGlobalSection
	GlobalSection(SolutionProperties) = preSolution
		HideSolutionNode = FALSE
	EndGlobalSection
	GlobalSection(ExtensibilityGlobals) = postSolution
		SolutionGuid = {34D3215D-8D64-4483-BA09-2C02B46A0905}
	EndGlobalSection
EndGlobal
